
Microsoft Visual Studio Solution File, Format Version 12.00
# Visual Studio Version 16
VisualStudioVersion = 16.0.32929.386
MinimumVisualStudioVersion = 10.0.40219.1
Project("{FAE04EC0-301F-11D3-BF4B-00C04F79EFBC}") = "ApiTest2", "ApiTest2\ApiTest2.csproj", "{2A4DBF98-6414-4F3B-B6D3-D4C3E5753D6A}"
EndProject
Global
	GlobalSection(SolutionConfigurationPlatforms) = preSolution
		Debug|Any CPU = Debug|Any CPU
		Release|Any CPU = Release|Any CPU
	EndGlobalSection
	GlobalSection(ProjectConfigurationPlatforms) = postSolution
		{2A4DBF98-6414-4F3B-B6D3-D4C3E5753D6A}.Debug|Any CPU.ActiveCfg = Debug|Any CPU
		{2A4DBF98-6414-4F3B-B6D3-D4C3E5753D6A}.Debug|Any CPU.Build.0 = Debug|Any CPU
		{2A4DBF98-6414-4F3B-B6D3-D4C3E5753D6A}.Release|Any CPU.ActiveCfg = Release|Any CPU
		{2A4DBF98-6414-4F3B-B6D3-D4C3E5753D6A}.Release|Any CPU.Build.0 = Release|Any CPU
	EndGlobalSection
	GlobalSection(SolutionProperties) = preSolution
		HideSolutionNode = FALSE
	EndGlobalSection
	GlobalSection(ExtensibilityGlobals) = postSolution
		SolutionGuid = {0C2FCD22-1871-4765-B5A7-0FFEFFEC5016}
	EndGlobalSection
EndGlobal
